Microsoft Visual Studio Solution File, Format Version 12.00
# Visual Studio Version 17
VisualStudioVersion = 17.5.2.0
MinimumVisualStudioVersion = 10.0.40219.1
Project("{FAE04EC0-301F-11D3-BF4B-00C04F79EFBC}") = "ProjetoBenchMarkCarros", "ProjetoBenchMarkCarros\ProjetoBenchMarkCarros.csproj", "{AC950BAA-313C-1CE1-1D30-D58F633704DA}"
EndProject
Global
	GlobalSection(SolutionConfigurationPlatforms) = preSolution
		Debug|Any CPU = Debug|Any CPU
		Release|Any CPU = Release|Any CPU
	EndGlobalSection
	GlobalSection(ProjectConfigurationPlatforms) = postSolution
		{AC950BAA-313C-1CE1-1D30-D58F633704DA}.Debug|Any CPU.ActiveCfg = Debug|Any CPU
		{AC950BAA-313C-1CE1-1D30-D58F633704DA}.Debug|Any CPU.Build.0 = Debug|Any CPU
		{AC950BAA-313C-1CE1-1D30-D58F633704DA}.Release|Any CPU.ActiveCfg = Release|Any CPU
		{AC950BAA-313C-1CE1-1D30-D58F633704DA}.Release|Any CPU.Build.0 = Release|Any CPU
	EndGlobalSection
	GlobalSection(SolutionProperties) = preSolution
		HideSolutionNode = FALSE
	EndGlobalSection
	GlobalSection(ExtensibilityGlobals) = postSolution
		SolutionGuid = {37E36549-6682-4A5D-BEF4-F6272E550881}
	EndGlobalSection
EndGlobal
